// !$*UTF8*$!
{
	archiveVersion = 1;
	classes = {
	};
	objectVersion = 50;
	objects = {

/* Begin PBXBuildFile section */
		5A784FD82119A6230092AD51 /* TextLogin.m in Sources */ = {isa = PBXBuildFile; fileRef = 5A784FD72119A6230092AD51 /* TextLogin.m */; };
		5A95D0C82112A9CA0004FC90 /* FirtViewController.m in Sources */ = {isa = PBXBuildFile; fileRef = 5A95D0C72112A9CA0004FC90 /* FirtViewController.m */; };
		5A95D0CB2112DE0C0004FC90 /* DetailViewController.m in Sources */ = {isa = PBXBuildFile; fileRef = 5A95D0CA2112DE0C0004FC90 /* DetailViewController.m */; };
		5A95D0CF2113014D0004FC90 /* SwitchCell.m in Sources */ = {isa = PBXBuildFile; fileRef = 5A95D0CD2113014D0004FC90 /* SwitchCell.m */; };
		5A95D0D02113014D0004FC90 /* SwitchCell.xib in Resources */ = {isa = PBXBuildFile; fileRef = 5A95D0CE2113014D0004FC90 /* SwitchCell.xib */; };
		5A95D0D3211828BC0004FC90 /* SgcOneVC.m in Sources */ = {isa = PBXBuildFile; fileRef = 5A95D0D2211828BC0004FC90 /* SgcOneVC.m */; };
		5A95D0D6211829C40004FC90 /* SgcTwoVC.m in Sources */ = {isa = PBXBuildFile; fileRef = 5A95D0D5211829C40004FC90 /* SgcTwoVC.m */; };
		5A9F6EF121103BD800F40298 /* XCTestCase+MOWait.m in Sources */ = {isa = PBXBuildFile; fileRef = 5A9F6EF021103BD800F40298 /* XCTestCase+MOWait.m */; };
		5A9F6EFA21103E6700F40298 /* ChainProgramUITestsSwift.swift in Sources */ = {isa = PBXBuildFile; fileRef = 5A9F6EF921103E6700F40298 /* ChainProgramUITestsSwift.swift */; };
		5A9F6F0221103ED600F40298 /* MOUITests.swift in Sources */ = {isa = PBXBuildFile; fileRef = 5A9F6F0121103ED600F40298 /* MOUITests.swift */; };
		5A9F6F0521105E6200F40298 /* XCTestCase+MOAssert.m in Sources */ = {isa = PBXBuildFile; fileRef = 5A9F6F0421105E6200F40298 /* XCTestCase+MOAssert.m */; };
		5A9F6F082111B2AC00F40298 /* TableViewController.m in Sources */ = {isa = PBXBuildFile; fileRef = 5A9F6F072111B2AC00F40298 /* TableViewController.m */; };
		5AD188CB20E72C0400AD0B9C /* AppDelegate.m in Sources */ = {isa = PBXBuildFile; fileRef = 5AD188CA20E72C0400AD0B9C /* AppDelegate.m */; };
		5AD188CE20E72C0400AD0B9C /* ViewController.m in Sources */ = {isa = PBXBuildFile; fileRef = 5AD188CD20E72C0400AD0B9C /* ViewController.m */; };
		5AD188D120E72C0400AD0B9C /* Main.storyboard in Resources */ = {isa = PBXBuildFile; fileRef = 5AD188CF20E72C0400AD0B9C /* Main.storyboard */; };
		5AD188D320E72C0500AD0B9C /* Assets.xcassets in Resources */ = {isa = PBXBuildFile; fileRef = 5AD188D220E72C0500AD0B9C /* Assets.xcassets */; };
		5AD188D620E72C0500AD0B9C /* LaunchScreen.storyboard in Resources */ = {isa = PBXBuildFile; fileRef = 5AD188D420E72C0500AD0B9C /* LaunchScreen.storyboard */; };
		5AD188D920E72C0500AD0B9C /* main.m in Sources */ = {isa = PBXBuildFile; fileRef = 5AD188D820E72C0500AD0B9C /* main.m */; };
		5AD188E120E770A600AD0B9C /* MO_UILabel.m in Sources */ = {isa = PBXBuildFile; fileRef = 5AD188E020E770A600AD0B9C /* MO_UILabel.m */; };
		5AD188E920E874EC00AD0B9C /* ChainProgramUITests.m in Sources */ = {isa = PBXBuildFile; fileRef = 5AD188E820E874EC00AD0B9C /* ChainProgramUITests.m */; };
		5AD188F520ECD55F00AD0B9C /* MOUIApplication.m in Sources */ = {isa = PBXBuildFile; fileRef = 5AD188F420ECD55F00AD0B9C /* MOUIApplication.m */; };
		5AD188FB20ED067300AD0B9C /* XCUIElement+MOUIElement.m in Sources */ = {isa = PBXBuildFile; fileRef = 5AD188FA20ED067300AD0B9C /* XCUIElement+MOUIElement.m */; };
		72E56D5BC803879420DF52A4 /* libPods-ChainProgram.a in Frameworks */ = {isa = PBXBuildFile; fileRef = 4B188EE4638C01799D0B8FD5 /* libPods-ChainProgram.a */; };
/* End PBXBuildFile section */

/* Begin PBXContainerItemProxy section */
		5A9F6EFC21103E6700F40298 /* PBXContainerItemProxy */ = {
			isa = PBXContainerItemProxy;
			containerPortal = 5AD188BE20E72C0400AD0B9C /* Project object */;
			proxyType = 1;
			remoteGlobalIDString = 5AD188C520E72C0400AD0B9C;
			remoteInfo = ChainProgram;
		};
		5AD188EB20E874EC00AD0B9C /* PBXContainerItemProxy */ = {
			isa = PBXContainerItemProxy;
			containerPortal = 5AD188BE20E72C0400AD0B9C /* Project object */;
			proxyType = 1;
			remoteGlobalIDString = 5AD188C520E72C0400AD0B9C;
			remoteInfo = ChainProgram;
		};
/* End PBXContainerItemProxy section */

/* Begin PBXFileReference section */
		2DE201CC71AB998F11C11D72 /* Pods-ChainProgram.debug.xcconfig */ = {isa = PBXFileReference; includeInIndex = 1; lastKnownFileType = text.xcconfig; name = "Pods-ChainProgram.debug.xcconfig"; path = "Pods/Target Support Files/Pods-ChainProgram/Pods-ChainProgram.debug.xcconfig"; sourceTree = "<group>"; };
		4B188EE4638C01799D0B8FD5 /* libPods-ChainProgram.a */ = {isa = PBXFileReference; explicitFileType = archive.ar; includeInIndex = 0; path = "libPods-ChainProgram.a"; sourceTree = BUILT_PRODUCTS_DIR; };
		5A784FD72119A6230092AD51 /* TextLogin.m */ = {isa = PBXFileReference; lastKnownFileType = sourcecode.c.objc; path = TextLogin.m; sourceTree = "<group>"; };
		5A95D0C62112A9CA0004FC90 /* FirtViewController.h */ = {isa = PBXFileReference; lastKnownFileType = sourcecode.c.h; path = FirtViewController.h; sourceTree = "<group>"; };
		5A95D0C72112A9CA0004FC90 /* FirtViewController.m */ = {isa = PBXFileReference; lastKnownFileType = sourcecode.c.objc; path = FirtViewController.m; sourceTree = "<group>"; };
		5A95D0C92112DE0C0004FC90 /* DetailViewController.h */ = {isa = PBXFileReference; lastKnownFileType = sourcecode.c.h; path = DetailViewController.h; sourceTree = "<group>"; };
		5A95D0CA2112DE0C0004FC90 /* DetailViewController.m */ = {isa = PBXFileReference; lastKnownFileType = sourcecode.c.objc; path = DetailViewController.m; sourceTree = "<group>"; };
		5A95D0CC2113014D0004FC90 /* SwitchCell.h */ = {isa = PBXFileReference; lastKnownFileType = sourcecode.c.h; path = SwitchCell.h; sourceTree = "<group>"; };
		5A95D0CD2113014D0004FC90 /* SwitchCell.m */ = {isa = PBXFileReference; lastKnownFileType = sourcecode.c.objc; path = SwitchCell.m; sourceTree = "<group>"; };
		5A95D0CE2113014D0004FC90 /* SwitchCell.xib */ = {isa = PBXFileReference; lastKnownFileType = file.xib; path = SwitchCell.xib; sourceTree = "<group>"; };
		5A95D0D1211828BC0004FC90 /* SgcOneVC.h */ = {isa = PBXFileReference; lastKnownFileType = sourcecode.c.h; path = SgcOneVC.h; sourceTree = "<group>"; };
		5A95D0D2211828BC0004FC90 /* SgcOneVC.m */ = {isa = PBXFileReference; lastKnownFileType = sourcecode.c.objc; path = SgcOneVC.m; sourceTree = "<group>"; };
		5A95D0D4211829C40004FC90 /* SgcTwoVC.h */ = {isa = PBXFileReference; lastKnownFileType = sourcecode.c.h; path = SgcTwoVC.h; sourceTree = "<group>"; };
		5A95D0D5211829C40004FC90 /* SgcTwoVC.m */ = {isa = PBXFileReference; lastKnownFileType = sourcecode.c.objc; path = SgcTwoVC.m; sourceTree = "<group>"; };
		5A9F6EEF21103BD800F40298 /* XCTestCase+MOWait.h */ = {isa = PBXFileReference; lastKnownFileType = sourcecode.c.h; path = "XCTestCase+MOWait.h"; sourceTree = "<group>"; };
		5A9F6EF021103BD800F40298 /* XCTestCase+MOWait.m */ = {isa = PBXFileReference; lastKnownFileType = sourcecode.c.objc; path = "XCTestCase+MOWait.m"; sourceTree = "<group>"; };
		5A9F6EF721103E6700F40298 /* ChainProgramUITestsSwift.xctest */ = {isa = PBXFileReference; explicitFileType = wrapper.cfbundle; includeInIndex = 0; path = ChainProgramUITestsSwift.xctest; sourceTree = BUILT_PRODUCTS_DIR; };
		5A9F6EF921103E6700F40298 /* ChainProgramUITestsSwift.swift */ = {isa = PBXFileReference; lastKnownFileType = sourcecode.swift; path = ChainProgramUITestsSwift.swift; sourceTree = "<group>"; };
		5A9F6EFB21103E6700F40298 /* Info.plist */ = {isa = PBXFileReference; lastKnownFileType = text.plist.xml; path = Info.plist; sourceTree = "<group>"; };
		5A9F6F0121103ED600F40298 /* MOUITests.swift */ = {isa = PBXFileReference; lastKnownFileType = sourcecode.swift; path = MOUITests.swift; sourceTree = "<group>"; };
		5A9F6F0321105E6200F40298 /* XCTestCase+MOAssert.h */ = {isa = PBXFileReference; lastKnownFileType = sourcecode.c.h; path = "XCTestCase+MOAssert.h"; sourceTree = "<group>"; };
		5A9F6F0421105E6200F40298 /* XCTestCase+MOAssert.m */ = {isa = PBXFileReference; lastKnownFileType = sourcecode.c.objc; path = "XCTestCase+MOAssert.m"; sourceTree = "<group>"; };
		5A9F6F062111B2AC00F40298 /* TableViewController.h */ = {isa = PBXFileReference; lastKnownFileType = sourcecode.c.h; path = TableViewController.h; sourceTree = "<group>"; };
		5A9F6F072111B2AC00F40298 /* TableViewController.m */ = {isa = PBXFileReference; lastKnownFileType = sourcecode.c.objc; path = TableViewController.m; sourceTree = "<group>"; };
		5AD188C620E72C0400AD0B9C /* ChainProgram.app */ = {isa = PBXFileReference; explicitFileType = wrapper.application; includeInIndex = 0; path = ChainProgram.app; sourceTree = BUILT_PRODUCTS_DIR; };
		5AD188C920E72C0400AD0B9C /* AppDelegate.h */ = {isa = PBXFileReference; lastKnownFileType = sourcecode.c.h; path = AppDelegate.h; sourceTree = "<group>"; };
		5AD188CA20E72C0400AD0B9C /* AppDelegate.m */ = {isa = PBXFileReference; lastKnownFileType = sourcecode.c.objc; path = AppDelegate.m; sourceTree = "<group>"; };
		5AD188CC20E72C0400AD0B9C /* ViewController.h */ = {isa = PBXFileReference; lastKnownFileType = sourcecode.c.h; path = ViewController.h; sourceTree = "<group>"; };
		5AD188CD20E72C0400AD0B9C /* ViewController.m */ = {isa = PBXFileReference; lastKnownFileType = sourcecode.c.objc; path = ViewController.m; sourceTree = "<group>"; };
		5AD188D020E72C0400AD0B9C /* Base */ = {isa = PBXFileReference; lastKnownFileType = file.storyboard; name = Base; path = Base.lproj/Main.storyboard; sourceTree = "<group>"; };
		5AD188D220E72C0500AD0B9C /* Assets.xcassets */ = {isa = PBXFileReference; lastKnownFileType = folder.assetcatalog; path = Assets.xcassets; sourceTree = "<group>"; };
		5AD188D520E72C0500AD0B9C /* Base */ = {isa = PBXFileReference; lastKnownFileType = file.storyboard; name = Base; path = Base.lproj/LaunchScreen.storyboard; sourceTree = "<group>"; };
		5AD188D720E72C0500AD0B9C /* Info.plist */ = {isa = PBXFileReference; lastKnownFileType = text.plist.xml; path = Info.plist; sourceTree = "<group>"; };
		5AD188D820E72C0500AD0B9C /* main.m */ = {isa = PBXFileReference; lastKnownFileType = sourcecode.c.objc; path = main.m; sourceTree = "<group>"; };
		5AD188DF20E770A600AD0B9C /* MO_UILabel.h */ = {isa = PBXFileReference; lastKnownFileType = sourcecode.c.h; path = MO_UILabel.h; sourceTree = "<group>"; };
		5AD188E020E770A600AD0B9C /* MO_UILabel.m */ = {isa = PBXFileReference; lastKnownFileType = sourcecode.c.objc; path = MO_UILabel.m; sourceTree = "<group>"; };
		5AD188E620E874EC00AD0B9C /* ChainProgramUITests.xctest */ = {isa = PBXFileReference; explicitFileType = wrapper.cfbundle; includeInIndex = 0; path = ChainProgramUITests.xctest; sourceTree = BUILT_PRODUCTS_DIR; };
		5AD188E820E874EC00AD0B9C /* ChainProgramUITests.m */ = {isa = PBXFileReference; lastKnownFileType = sourcecode.c.objc; path = ChainProgramUITests.m; sourceTree = "<group>"; };
		5AD188EA20E874EC00AD0B9C /* Info.plist */ = {isa = PBXFileReference; lastKnownFileType = text.plist.xml; path = Info.plist; sourceTree = "<group>"; };
		5AD188F320ECD55F00AD0B9C /* MOUIApplication.h */ = {isa = PBXFileReference; lastKnownFileType = sourcecode.c.h; path = MOUIApplication.h; sourceTree = "<group>"; };
		5AD188F420ECD55F00AD0B9C /* MOUIApplication.m */ = {isa = PBXFileReference; lastKnownFileType = sourcecode.c.objc; path = MOUIApplication.m; sourceTree = "<group>"; };
		5AD188F920ED067300AD0B9C /* XCUIElement+MOUIElement.h */ = {isa = PBXFileReference; lastKnownFileType = sourcecode.c.h; path = "XCUIElement+MOUIElement.h"; sourceTree = "<group>"; };
		5AD188FA20ED067300AD0B9C /* XCUIElement+MOUIElement.m */ = {isa = PBXFileReference; lastKnownFileType = sourcecode.c.objc; path = "XCUIElement+MOUIElement.m"; sourceTree = "<group>"; };
		93F2A51DB5FE1C830614AAF5 /* Pods-ChainProgram.release.xcconfig */ = {isa = PBXFileReference; includeInIndex = 1; lastKnownFileType = text.xcconfig; name = "Pods-ChainProgram.release.xcconfig"; path = "Pods/Target Support Files/Pods-ChainProgram/Pods-ChainProgram.release.xcconfig"; sourceTree = "<group>"; };
/* End PBXFileReference section */

/* Begin PBXFrameworksBuildPhase section */
		5A9F6EF421103E6700F40298 /* Frameworks */ = {
			isa = PBXFrameworksBuildPhase;
			buildActionMask = 2147483647;
			files = (
			);
			runOnlyForDeploymentPostprocessing = 0;
		};
		5AD188C320E72C0400AD0B9C /* Frameworks */ = {
			isa = PBXFrameworksBuildPhase;
			buildActionMask = 2147483647;
			files = (
				72E56D5BC803879420DF52A4 /* libPods-ChainProgram.a in Frameworks */,
			);
			runOnlyForDeploymentPostprocessing = 0;
		};
		5AD188E320E874EC00AD0B9C /* Frameworks */ = {
			isa = PBXFrameworksBuildPhase;
			buildActionMask = 2147483647;
			files = (
			);
			runOnlyForDeploymentPostprocessing = 0;
		};
/* End PBXFrameworksBuildPhase section */

/* Begin PBXGroup section */
		1C4B51072040BE2DC6AC9DC8 /* Pods */ = {
			isa = PBXGroup;
			children = (
				2DE201CC71AB998F11C11D72 /* Pods-ChainProgram.debug.xcconfig */,
				93F2A51DB5FE1C830614AAF5 /* Pods-ChainProgram.release.xcconfig */,
			);
			name = Pods;
			sourceTree = "<group>";
		};
		3D657FBEE49CFBC2B5D0C78F /* Frameworks */ = {
			isa = PBXGroup;
			children = (
				4B188EE4638C01799D0B8FD5 /* libPods-ChainProgram.a */,
			);
			name = Frameworks;
			sourceTree = "<group>";
		};
		5A784FFD21242C1A0092AD51 /* MOXCUITest */ = {
			isa = PBXGroup;
			children = (
				5A9F6EF221103BF200F40298 /* MOAssert */,
				5AD188FC20ED0F1500AD0B9C /* MOUIElement */,
			);
			path = MOXCUITest;
			sourceTree = "<group>";
		};
		5A9F6EF221103BF200F40298 /* MOAssert */ = {
			isa = PBXGroup;
			children = (
				5A9F6EEF21103BD800F40298 /* XCTestCase+MOWait.h */,
				5A9F6EF021103BD800F40298 /* XCTestCase+MOWait.m */,
				5A9F6F0321105E6200F40298 /* XCTestCase+MOAssert.h */,
				5A9F6F0421105E6200F40298 /* XCTestCase+MOAssert.m */,
			);
			path = MOAssert;
			sourceTree = "<group>";
		};
		5A9F6EF821103E6700F40298 /* ChainProgramUITestsSwift */ = {
			isa = PBXGroup;
			children = (
				5A9F6EF921103E6700F40298 /* ChainProgramUITestsSwift.swift */,
				5A9F6F0121103ED600F40298 /* MOUITests.swift */,
				5A9F6EFB21103E6700F40298 /* Info.plist */,
			);
			path = ChainProgramUITestsSwift;
			sourceTree = "<group>";
		};
		5AD188BD20E72C0400AD0B9C = {
			isa = PBXGroup;
			children = (
				5AD188C820E72C0400AD0B9C /* ChainProgram */,
				5AD188E720E874EC00AD0B9C /* ChainProgramUITests */,
				5A9F6EF821103E6700F40298 /* ChainProgramUITestsSwift */,
				5AD188C720E72C0400AD0B9C /* Products */,
				1C4B51072040BE2DC6AC9DC8 /* Pods */,
				3D657FBEE49CFBC2B5D0C78F /* Frameworks */,
			);
			sourceTree = "<group>";
		};
		5AD188C720E72C0400AD0B9C /* Products */ = {
			isa = PBXGroup;
			children = (
				5AD188C620E72C0400AD0B9C /* ChainProgram.app */,
				5AD188E620E874EC00AD0B9C /* ChainProgramUITests.xctest */,
				5A9F6EF721103E6700F40298 /* ChainProgramUITestsSwift.xctest */,
			);
			name = Products;
			sourceTree = "<group>";
		};
		5AD188C820E72C0400AD0B9C /* ChainProgram */ = {
			isa = PBXGroup;
			children = (
				5AD188C920E72C0400AD0B9C /* AppDelegate.h */,
				5AD188CA20E72C0400AD0B9C /* AppDelegate.m */,
				5A95D0C62112A9CA0004FC90 /* FirtViewController.h */,
				5A95D0C72112A9CA0004FC90 /* FirtViewController.m */,
				5A95D0D1211828BC0004FC90 /* SgcOneVC.h */,
				5A95D0D2211828BC0004FC90 /* SgcOneVC.m */,
				5A95D0D4211829C40004FC90 /* SgcTwoVC.h */,
				5A95D0D5211829C40004FC90 /* SgcTwoVC.m */,
				5A9F6F062111B2AC00F40298 /* TableViewController.h */,
				5A9F6F072111B2AC00F40298 /* TableViewController.m */,
				5A95D0CC2113014D0004FC90 /* SwitchCell.h */,
				5A95D0CD2113014D0004FC90 /* SwitchCell.m */,
				5A95D0CE2113014D0004FC90 /* SwitchCell.xib */,
				5AD188CC20E72C0400AD0B9C /* ViewController.h */,
				5AD188CD20E72C0400AD0B9C /* ViewController.m */,
				5AD188DF20E770A600AD0B9C /* MO_UILabel.h */,
				5AD188E020E770A600AD0B9C /* MO_UILabel.m */,
				5A95D0C92112DE0C0004FC90 /* DetailViewController.h */,
				5A95D0CA2112DE0C0004FC90 /* DetailViewController.m */,
				5AD188CF20E72C0400AD0B9C /* Main.storyboard */,
				5AD188D220E72C0500AD0B9C /* Assets.xcassets */,
				5AD188D420E72C0500AD0B9C /* LaunchScreen.storyboard */,
				5AD188D720E72C0500AD0B9C /* Info.plist */,
				5AD188D820E72C0500AD0B9C /* main.m */,
			);
			path = ChainProgram;
			sourceTree = "<group>";
		};
		5AD188E720E874EC00AD0B9C /* ChainProgramUITests */ = {
			isa = PBXGroup;
			children = (
				5AD188E820E874EC00AD0B9C /* ChainProgramUITests.m */,
				5A784FD72119A6230092AD51 /* TextLogin.m */,
				5A784FFD21242C1A0092AD51 /* MOXCUITest */,
				5AD188EA20E874EC00AD0B9C /* Info.plist */,
			);
			path = ChainProgramUITests;
			sourceTree = "<group>";
		};
		5AD188FC20ED0F1500AD0B9C /* MOUIElement */ = {
			isa = PBXGroup;
			children = (
				5AD188F320ECD55F00AD0B9C /* MOUIApplication.h */,
				5AD188F420ECD55F00AD0B9C /* MOUIApplication.m */,
				5AD188F920ED067300AD0B9C /* XCUIElement+MOUIElement.h */,
				5AD188FA20ED067300AD0B9C /* XCUIElement+MOUIElement.m */,
			);
			path = MOUIElement;
			sourceTree = "<group>";
		};
/* End PBXGroup section */

/* Begin PBXNativeTarget section */
		5A9F6EF621103E6700F40298 /* ChainProgramUITestsSwift */ = {
			isa = PBXNativeTarget;
			buildConfigurationList = 5A9F6EFE21103E6700F40298 /* Build configuration list for PBXNativeTarget "ChainProgramUITestsSwift" */;
			buildPhases = (
				5A9F6EF321103E6700F40298 /* Sources */,
				5A9F6EF421103E6700F40298 /* Frameworks */,
				5A9F6EF521103E6700F40298 /* Resources */,
			);
			buildRules = (
			);
			dependencies = (
				5A9F6EFD21103E6700F40298 /* PBXTargetDependency */,
			);
			name = ChainProgramUITestsSwift;
			productName = ChainProgramUITestsSwift;
			productReference = 5A9F6EF721103E6700F40298 /* ChainProgramUITestsSwift.xctest */;
			productType = "com.apple.product-type.bundle.ui-testing";
		};
		5AD188C520E72C0400AD0B9C /* ChainProgram */ = {
			isa = PBXNativeTarget;
			buildConfigurationList = 5AD188DC20E72C0500AD0B9C /* Build configuration list for PBXNativeTarget "ChainProgram" */;
			buildPhases = (
				1688E09C0257211189D55F58 /* [CP] Check Pods Manifest.lock */,
				5AD188C220E72C0400AD0B9C /* Sources */,
				5AD188C320E72C0400AD0B9C /* Frameworks */,
				5AD188C420E72C0400AD0B9C /* Resources */,
			);
			buildRules = (
			);
			dependencies = (
			);
			name = ChainProgram;
			productName = ChainProgram;
			productReference = 5AD188C620E72C0400AD0B9C /* ChainProgram.app */;
			productType = "com.apple.product-type.application";
		};
		5AD188E520E874EC00AD0B9C /* ChainProgramUITests */ = {
			isa = PBXNativeTarget;
			buildConfigurationList = 5AD188EF20E874EC00AD0B9C /* Build configuration list for PBXNativeTarget "ChainProgramUITests" */;
			buildPhases = (
				5AD188E220E874EC00AD0B9C /* Sources */,
				5AD188E320E874EC00AD0B9C /* Frameworks */,
				5AD188E420E874EC00AD0B9C /* Resources */,
			);
			buildRules = (
			);
			dependencies = (
				5AD188EC20E874EC00AD0B9C /* PBXTargetDependency */,
			);
			name = ChainProgramUITests;
			productName = ChainProgramUITests;
			productReference = 5AD188E620E874EC00AD0B9C /* ChainProgramUITests.xctest */;
			productType = "com.apple.product-type.bundle.ui-testing";
		};
/* End PBXNativeTarget section */

/* Begin PBXProject section */
		5AD188BE20E72C0400AD0B9C /* Project object */ = {
			isa = PBXProject;
			attributes = {
				LastSwiftUpdateCheck = 0940;
				LastUpgradeCheck = 0940;
				ORGANIZATIONNAME = com.owen;
				TargetAttributes = {
					5A9F6EF621103E6700F40298 = {
						CreatedOnToolsVersion = 9.4.1;
						TestTargetID = 5AD188C520E72C0400AD0B9C;
					};
					5AD188C520E72C0400AD0B9C = {
						CreatedOnToolsVersion = 9.4.1;
					};
					5AD188E520E874EC00AD0B9C = {
						CreatedOnToolsVersion = 9.4.1;
						TestTargetID = 5AD188C520E72C0400AD0B9C;
					};
				};
			};
			buildConfigurationList = 5AD188C120E72C0400AD0B9C /* Build configuration list for PBXProject "ChainProgram" */;
			compatibilityVersion = "Xcode 9.3";
			developmentRegion = en;
			hasScannedForEncodings = 0;
			knownRegions = (
				en,
				Base,
			);
			mainGroup = 5AD188BD20E72C0400AD0B9C;
			productRefGroup = 5AD188C720E72C0400AD0B9C /* Products */;
			projectDirPath = "";
			projectRoot = "";
			targets = (
				5AD188C520E72C0400AD0B9C /* ChainProgram */,
				5AD188E520E874EC00AD0B9C /* ChainProgramUITests */,
				5A9F6EF621103E6700F40298 /* ChainProgramUITestsSwift */,
			);
		};
/* End PBXProject section */

/* Begin PBXResourcesBuildPhase section */
		5A9F6EF521103E6700F40298 /* Resources */ = {
			isa = PBXResourcesBuildPhase;
			buildActionMask = 2147483647;
			files = (
			);
			runOnlyForDeploymentPostprocessing = 0;
		};
		5AD188C420E72C0400AD0B9C /* Resources */ = {
			isa = PBXResourcesBuildPhase;
			buildActionMask = 2147483647;
			files = (
				5AD188D620E72C0500AD0B9C /* LaunchScreen.storyboard in Resources */,
				5A95D0D02113014D0004FC90 /* SwitchCell.xib in Resources */,
				5AD188D320E72C0500AD0B9C /* Assets.xcassets in Resources */,
				5AD188D120E72C0400AD0B9C /* Main.storyboard in Resources */,
			);
			runOnlyForDeploymentPostprocessing = 0;
		};
		5AD188E420E874EC00AD0B9C /* Resources */ = {
			isa = PBXResourcesBuildPhase;
			buildActionMask = 2147483647;
			files = (
			);
			runOnlyForDeploymentPostprocessing = 0;
		};
/* End PBXResourcesBuildPhase section */

/* Begin PBXShellScriptBuildPhase section */
		1688E09C0257211189D55F58 /* [CP] Check Pods Manifest.lock */ = {
			isa = PBXShellScriptBuildPhase;
			buildActionMask = 2147483647;
			files = (
			);
			inputPaths = (
				"${PODS_PODFILE_DIR_PATH}/Podfile.lock",
				"${PODS_ROOT}/Manifest.lock",
			);
			name = "[CP] Check Pods Manifest.lock";
			outputPaths = (
				"$(DERIVED_FILE_DIR)/Pods-ChainProgram-checkManifestLockResult.txt",
			);
			runOnlyForDeploymentPostprocessing = 0;
			shellPath = /bin/sh;
			shellScript = "diff \"${PODS_PODFILE_DIR_PATH}/Podfile.lock\" \"${PODS_ROOT}/Manifest.lock\" > /dev/null\nif [ $? != 0 ] ; then\n    # print error to STDERR\n    echo \"error: The sandbox is not in sync with the Podfile.lock. Run 'pod install' or update your CocoaPods installation.\" >&2\n    exit 1\nfi\n# This output is used by Xcode 'outputs' to avoid re-running this script phase.\necho \"SUCCESS\" > \"${SCRIPT_OUTPUT_FILE_0}\"\n";
			showEnvVarsInLog = 0;
		};
/* End PBXShellScriptBuildPhase section */

/* Begin PBXSourcesBuildPhase section */
		5A9F6EF321103E6700F40298 /* Sources */ = {
			isa = PBXSourcesBuildPhase;
			buildActionMask = 2147483647;
			files = (
				5A9F6EFA21103E6700F40298 /* ChainProgramUITestsSwift.swift in Sources */,
				5A9F6F0221103ED600F40298 /* MOUITests.swift in Sources */,
			);
			runOnlyForDeploymentPostprocessing = 0;
		};
		5AD188C220E72C0400AD0B9C /* Sources */ = {
			isa = PBXSourcesBuildPhase;
			buildActionMask = 2147483647;
			files = (
				5AD188E120E770A600AD0B9C /* MO_UILabel.m in Sources */,
				5A95D0CF2113014D0004FC90 /* SwitchCell.m in Sources */,
				5A95D0C82112A9CA0004FC90 /* FirtViewController.m in Sources */,
				5AD188CE20E72C0400AD0B9C /* ViewController.m in Sources */,
				5AD188D920E72C0500AD0B9C /* main.m in Sources */,
				5A95D0D6211829C40004FC90 /* SgcTwoVC.m in Sources */,
				5A9F6F082111B2AC00F40298 /* TableViewController.m in Sources */,
				5A95D0D3211828BC0004FC90 /* SgcOneVC.m in Sources */,
				5AD188CB20E72C0400AD0B9C /* AppDelegate.m in Sources */,
				5A95D0CB2112DE0C0004FC90 /* DetailViewController.m in Sources */,
			);
			runOnlyForDeploymentPostprocessing = 0;
		};
		5AD188E220E874EC00AD0B9C /* Sources */ = {
			isa = PBXSourcesBuildPhase;
			buildActionMask = 2147483647;
			files = (
				5A784FD82119A6230092AD51 /* TextLogin.m in Sources */,
				5A9F6EF121103BD800F40298 /* XCTestCase+MOWait.m in Sources */,
				5AD188F520ECD55F00AD0B9C /* MOUIApplication.m in Sources */,
				5AD188FB20ED067300AD0B9C /* XCUIElement+MOUIElement.m in Sources */,
				5A9F6F0521105E6200F40298 /* XCTestCase+MOAssert.m in Sources */,
				5AD188E920E874EC00AD0B9C /* ChainProgramUITests.m in Sources */,
			);
			runOnlyForDeploymentPostprocessing = 0;
		};
/* End PBXSourcesBuildPhase section */

/* Begin PBXTargetDependency section */
		5A9F6EFD21103E6700F40298 /* PBXTargetDependency */ = {
			isa = PBXTargetDependency;
			target = 5AD188C520E72C0400AD0B9C /* ChainProgram */;
			targetProxy = 5A9F6EFC21103E6700F40298 /* PBXContainerItemProxy */;
		};
		5AD188EC20E874EC00AD0B9C /* PBXTargetDependency */ = {
			isa = PBXTargetDependency;
			target = 5AD188C520E72C0400AD0B9C /* ChainProgram */;
			targetProxy = 5AD188EB20E874EC00AD0B9C /* PBXContainerItemProxy */;
		};
/* End PBXTargetDependency section */

/* Begin PBXVariantGroup section */
		5AD188CF20E72C0400AD0B9C /* Main.storyboard */ = {
			isa = PBXVariantGroup;
			children = (
				5AD188D020E72C0400AD0B9C /* Base */,
			);
			name = Main.storyboard;
			sourceTree = "<group>";
		};
		5AD188D420E72C0500AD0B9C /* LaunchScreen.storyboard */ = {
			isa = PBXVariantGroup;
			children = (
				5AD188D520E72C0500AD0B9C /* Base */,
			);
			name = LaunchScreen.storyboard;
			sourceTree = "<group>";
		};
/* End PBXVariantGroup section */

/* Begin XCBuildConfiguration section */
		5A9F6EFF21103E6700F40298 /* Debug */ = {
			isa = XCBuildConfiguration;
			buildSettings = {
				CODE_SIGN_STYLE = Automatic;
				DEVELOPMENT_TEAM = KM6P947ZT3;
				INFOPLIST_FILE = ChainProgramUITestsSwift/Info.plist;
				LD_RUNPATH_SEARCH_PATHS = (
					"$(inherited)",
					"@executable_path/Frameworks",
					"@loader_path/Frameworks",
				);
				PRODUCT_BUNDLE_IDENTIFIER = com.owen.ChainProgramUITestsSwift;
				PRODUCT_NAME = "$(TARGET_NAME)";
				SWIFT_ACTIVE_COMPILATION_CONDITIONS = DEBUG;
				SWIFT_OPTIMIZATION_LEVEL = "-Onone";
				SWIFT_VERSION = 4.0;
				TARGETED_DEVICE_FAMILY = "1,2";
				TEST_TARGET_NAME = ChainProgram;
			};
			name = Debug;
		};
		5A9F6F0021103E6700F40298 /* Release */ = {
			isa = XCBuildConfiguration;
			buildSettings = {
				CODE_SIGN_STYLE = Automatic;
				DEVELOPMENT_TEAM = KM6P947ZT3;
				INFOPLIST_FILE = ChainProgramUITestsSwift/Info.plist;
				LD_RUNPATH_SEARCH_PATHS = (
					"$(inherited)",
					"@executable_path/Frameworks",
					"@loader_path/Frameworks",
				);
				PRODUCT_BUNDLE_IDENTIFIER = com.owen.ChainProgramUITestsSwift;
				PRODUCT_NAME = "$(TARGET_NAME)";
				SWIFT_COMPILATION_MODE = wholemodule;
				SWIFT_OPTIMIZATION_LEVEL = "-O";
				SWIFT_VERSION = 4.0;
				TARGETED_DEVICE_FAMILY = "1,2";
				TEST_TARGET_NAME = ChainProgram;
			};
			name = Release;
		};
		5AD188DA20E72C0500AD0B9C /* Debug */ = {
			isa = XCBuildConfiguration;
			buildSettings = {
				ALWAYS_SEARCH_USER_PATHS = NO;
				CLANG_ANALYZER_NONNULL = YES;
				CLANG_ANALYZER_NUMBER_OBJECT_CONVERSION = YES_AGGRESSIVE;
				CLANG_CXX_LANGUAGE_STANDARD = "gnu++14";
				CLANG_CXX_LIBRARY = "libc++";
				CLANG_ENABLE_MODULES = YES;
				CLANG_ENABLE_OBJC_ARC = YES;
				CLANG_ENABLE_OBJC_WEAK = YES;
				CLANG_WARN_BLOCK_CAPTURE_AUTORELEASING = YES;
				CLANG_WARN_BOOL_CONVERSION = YES;
				CLANG_WARN_COMMA = YES;
				CLANG_WARN_CONSTANT_CONVERSION = YES;
				CLANG_WARN_DEPRECATED_OBJC_IMPLEMENTATIONS = YES;
				CLANG_WARN_DIRECT_OBJC_ISA_USAGE = YES_ERROR;
				CLANG_WARN_DOCUMENTATION_COMMENTS = YES;
				CLANG_WARN_EMPTY_BODY = YES;
				CLANG_WARN_ENUM_CONVERSION = YES;
				CLANG_WARN_INFINITE_RECURSION = YES;
				CLANG_WARN_INT_CONVERSION = YES;
				CLANG_WARN_NON_LITERAL_NULL_CONVERSION = YES;
				CLANG_WARN_OBJC_IMPLICIT_RETAIN_SELF = YES;
				CLANG_WARN_OBJC_LITERAL_CONVERSION = YES;
				CLANG_WARN_OBJC_ROOT_CLASS = YES_ERROR;
				CLANG_WARN_RANGE_LOOP_ANALYSIS = YES;
				CLANG_WARN_STRICT_PROTOTYPES = YES;
				CLANG_WARN_SUSPICIOUS_MOVE = YES;
				CLANG_WARN_UNGUARDED_AVAILABILITY = YES_AGGRESSIVE;
				CLANG_WARN_UNREACHABLE_CODE = YES;
				CLANG_WARN__DUPLICATE_METHOD_MATCH = YES;
				CODE_SIGN_IDENTITY = "iPhone Developer";
				COPY_PHASE_STRIP = NO;
				DEBUG_INFORMATION_FORMAT = dwarf;
				ENABLE_STRICT_OBJC_MSGSEND = YES;
				ENABLE_TESTABILITY = YES;
				GCC_C_LANGUAGE_STANDARD = gnu11;
				GCC_DYNAMIC_NO_PIC = NO;
				GCC_NO_COMMON_BLOCKS = YES;
				GCC_OPTIMIZATION_LEVEL = 0;
				GCC_PREPROCESSOR_DEFINITIONS = (
					"DEBUG=1",
					"$(inherited)",
				);
				GCC_WARN_64_TO_32_BIT_CONVERSION = YES;
				GCC_WARN_ABOUT_RETURN_TYPE = YES_ERROR;
				GCC_WARN_UNDECLARED_SELECTOR = YES;
				GCC_WARN_UNINITIALIZED_AUTOS = YES_AGGRESSIVE;
				GCC_WARN_UNUSED_FUNCTION = YES;
				GCC_WARN_UNUSED_VARIABLE = YES;
				IPHONEOS_DEPLOYMENT_TARGET = 11.4;
				MTL_ENABLE_DEBUG_INFO = YES;
				ONLY_ACTIVE_ARCH = YES;
				SDKROOT = iphoneos;
			};
			name = Debug;
		};
		5AD188DB20E72C0500AD0B9C /* Release */ = {
			isa = XCBuildConfiguration;
			buildSettings = {
				ALWAYS_SEARCH_USER_PATHS = NO;
				CLANG_ANALYZER_NONNULL = YES;
				CLANG_ANALYZER_NUMBER_OBJECT_CONVERSION = YES_AGGRESSIVE;
				CLANG_CXX_LANGUAGE_STANDARD = "gnu++14";
				CLANG_CXX_LIBRARY = "libc++";
				CLANG_ENABLE_MODULES = YES;
				CLANG_ENABLE_OBJC_ARC = YES;
				CLANG_ENABLE_OBJC_WEAK = YES;
				CLANG_WARN_BLOCK_CAPTURE_AUTORELEASING = YES;
				CLANG_WARN_BOOL_CONVERSION = YES;
				CLANG_WARN_COMMA = YES;
				CLANG_WARN_CONSTANT_CONVERSION = YES;
				CLANG_WARN_DEPRECATED_OBJC_IMPLEMENTATIONS = YES;
				CLANG_WARN_DIRECT_OBJC_ISA_USAGE = YES_ERROR;
				CLANG_WARN_DOCUMENTATION_COMMENTS = YES;
				CLANG_WARN_EMPTY_BODY = YES;
				CLANG_WARN_ENUM_CONVERSION = YES;
				CLANG_WARN_INFINITE_RECURSION = YES;
				CLANG_WARN_INT_CONVERSION = YES;
				CLANG_WARN_NON_LITERAL_NULL_CONVERSION = YES;
				CLANG_WARN_OBJC_IMPLICIT_RETAIN_SELF = YES;
				CLANG_WARN_OBJC_LITERAL_CONVERSION = YES;
				CLANG_WARN_OBJC_ROOT_CLASS = YES_ERROR;
				CLANG_WARN_RANGE_LOOP_ANALYSIS = YES;
				CLANG_WARN_STRICT_PROTOTYPES = YES;
				CLANG_WARN_SUSPICIOUS_MOVE = YES;
				CLANG_WARN_UNGUARDED_AVAILABILITY = YES_AGGRESSIVE;
				CLANG_WARN_UNREACHABLE_CODE = YES;
				CLANG_WARN__DUPLICATE_METHOD_MATCH = YES;
				CODE_SIGN_IDENTITY = "iPhone Developer";
				COPY_PHASE_STRIP = NO;
				DEBUG_INFORMATION_FORMAT = "dwarf-with-dsym";
				ENABLE_NS_ASSERTIONS = NO;
				ENABLE_STRICT_OBJC_MSGSEND = YES;
				GCC_C_LANGUAGE_STANDARD = gnu11;
				GCC_NO_COMMON_BLOCKS = YES;
				GCC_WARN_64_TO_32_BIT_CONVERSION = YES;
				GCC_WARN_ABOUT_RETURN_TYPE = YES_ERROR;
				GCC_WARN_UNDECLARED_SELECTOR = YES;
				GCC_WARN_UNINITIALIZED_AUTOS = YES_AGGRESSIVE;
				GCC_WARN_UNUSED_FUNCTION = YES;
				GCC_WARN_UNUSED_VARIABLE = YES;
				IPHONEOS_DEPLOYMENT_TARGET = 11.4;
				MTL_ENABLE_DEBUG_INFO = NO;
				SDKROOT = iphoneos;
				VALIDATE_PRODUCT = YES;
			};
			name = Release;
		};
		5AD188DD20E72C0500AD0B9C /* Debug */ = {
			isa = XCBuildConfiguration;
			baseConfigurationReference = 2DE201CC71AB998F11C11D72 /* Pods-ChainProgram.debug.xcconfig */;
			buildSettings = {
				ASSETCATALOG_COMPILER_APPICON_NAME = AppIcon;
				CODE_SIGN_STYLE = Automatic;
				DEVELOPMENT_TEAM = KM6P947ZT3;
				INFOPLIST_FILE = ChainProgram/Info.plist;
				LD_RUNPATH_SEARCH_PATHS = (
					"$(inherited)",
					"@executable_path/Frameworks",
				);
				PRODUCT_BUNDLE_IDENTIFIER = com.owen.ChainProgram;
				PRODUCT_NAME = "$(TARGET_NAME)";
				TARGETED_DEVICE_FAMILY = "1,2";
			};
			name = Debug;
		};
		5AD188DE20E72C0500AD0B9C /* Release */ = {
			isa = XCBuildConfiguration;
			baseConfigurationReference = 93F2A51DB5FE1C830614AAF5 /* Pods-ChainProgram.release.xcconfig */;
			buildSettings = {
				ASSETCATALOG_COMPILER_APPICON_NAME = AppIcon;
				CODE_SIGN_STYLE = Automatic;
				DEVELOPMENT_TEAM = KM6P947ZT3;
				INFOPLIST_FILE = ChainProgram/Info.plist;
				LD_RUNPATH_SEARCH_PATHS = (
					"$(inherited)",
					"@executable_path/Frameworks",
				);
				PRODUCT_BUNDLE_IDENTIFIER = com.owen.ChainProgram;
				PRODUCT_NAME = "$(TARGET_NAME)";
				TARGETED_DEVICE_FAMILY = "1,2";
			};
			name = Release;
		};
		5AD188ED20E874EC00AD0B9C /* Debug */ = {
			isa = XCBuildConfiguration;
			buildSettings = {
				CODE_SIGN_STYLE = Automatic;
				DEVELOPMENT_TEAM = KM6P947ZT3;
				INFOPLIST_FILE = ChainProgramUITests/Info.plist;
				LD_RUNPATH_SEARCH_PATHS = (
					"$(inherited)",
					"@executable_path/Frameworks",
					"@loader_path/Frameworks",
				);
				PRODUCT_BUNDLE_IDENTIFIER = com.owen.ChainProgramUITests;
				PRODUCT_NAME = "$(TARGET_NAME)";
				TARGETED_DEVICE_FAMILY = "1,2";
				TEST_TARGET_NAME = ChainProgram;
			};
			name = Debug;
		};
		5AD188EE20E874EC00AD0B9C /* Release */ = {
			isa = XCBuildConfiguration;
			buildSettings = {
				CODE_SIGN_STYLE = Automatic;
				DEVELOPMENT_TEAM = KM6P947ZT3;
				INFOPLIST_FILE = ChainProgramUITests/Info.plist;
				LD_RUNPATH_SEARCH_PATHS = (
					"$(inherited)",
					"@executable_path/Frameworks",
					"@loader_path/Frameworks",
				);
				PRODUCT_BUNDLE_IDENTIFIER = com.owen.ChainProgramUITests;
				PRODUCT_NAME = "$(TARGET_NAME)";
				TARGETED_DEVICE_FAMILY = "1,2";
				TEST_TARGET_NAME = ChainProgram;
			};
			name = Release;
		};
/* End XCBuildConfiguration section */

/* Begin XCConfigurationList section */
		5A9F6EFE21103E6700F40298 /* Build configuration list for PBXNativeTarget "ChainProgramUITestsSwift" */ = {
			isa = XCConfigurationList;
			buildConfigurations = (
				5A9F6EFF21103E6700F40298 /* Debug */,
				5A9F6F0021103E6700F40298 /* Release */,
			);
			defaultConfigurationIsVisible = 0;
			defaultConfigurationName = Release;
		};
		5AD188C120E72C0400AD0B9C /* Build configuration list for PBXProject "ChainProgram" */ = {
			isa = XCConfigurationList;
			buildConfigurations = (
				5AD188DA20E72C0500AD0B9C /* Debug */,
				5AD188DB20E72C0500AD0B9C /* Release */,
			);
			defaultConfigurationIsVisible = 0;
			defaultConfigurationName = Release;
		};
		5AD188DC20E72C0500AD0B9C /* Build configuration list for PBXNativeTarget "ChainProgram" */ = {
			isa = XCConfigurationList;
			buildConfigurations = (
				5AD188DD20E72C0500AD0B9C /* Debug */,
				5AD188DE20E72C0500AD0B9C /* Release */,
			);
			defaultConfigurationIsVisible = 0;
			defaultConfigurationName = Release;
		};
		5AD188EF20E874EC00AD0B9C /* Build configuration list for PBXNativeTarget "ChainProgramUITests" */ = {
			isa = XCConfigurationList;
			buildConfigurations = (
				5AD188ED20E874EC00AD0B9C /* Debug */,
				5AD188EE20E874EC00AD0B9C /* Release */,
			);
			defaultConfigurationIsVisible = 0;
			defaultConfigurationName = Release;
		};
/* End XCConfigurationList section */
	};
	rootObject = 5AD188BE20E72C0400AD0B9C /* Project object */;
}
