<?xml version="1.0" encoding="UTF-8"?>
<Scheme
   LastUpgradeVersion = "0940"
   version = "1.3">
   <BuildAction
      parallelizeBuildables = "YES"
      buildImplicitDependencies = "YES">
      <BuildActionEntries>
         <BuildActionEntry
            buildForTesting = "YES"
            buildForRunning = "YES"
            buildForProfiling = "YES"
            buildForArchiving = "YES"
            buildForAnalyzing = "YES">
            <BuildableReference
               BuildableIdentifier = "primary"
               BlueprintIdentifier = "5AD188C520E72C0400AD0B9C"
               BuildableName = "ChainProgram.app"
               BlueprintName = "ChainProgram"
               ReferencedContainer = "container:ChainProgram.xcodeproj">
            </BuildableReference>
         </BuildActionEntry>
      </BuildActionEntries>
   </BuildAction>
   <TestAction
      buildConfiguration = "Debug"
      selectedDebuggerIdentifier = "Xcode.DebuggerFoundation.Debugger.LLDB"
      selectedLauncherIdentifier = "Xcode.DebuggerFoundation.Launcher.LLDB"
      shouldUseLaunchSchemeArgsEnv = "YES">
      <Testables>
         <TestableReference
            skipped = "NO">
            <BuildableReference
               BuildableIdentifier = "primary"
               BlueprintIdentifier = "5AD188E520E874EC00AD0B9C"
               BuildableName = "ChainProgramUITests.xctest"
               BlueprintName = "ChainProgramUITests"
               ReferencedContainer = "container:ChainProgram.xcodeproj">
            </BuildableReference>
            <SkippedTests>
               <Test
                  Identifier = "ChainProgramUITests/testAlertChainable">
               </Test>
               <Test
                  Identifier = "ChainProgramUITests/testAppLifeCycle">
               </Test>
               <Test
                  Identifier = "ChainProgramUITests/testBarButtonItemChainable">
               </Test>
               <Test
                  Identifier = "ChainProgramUITests/testCellChainable">
               </Test>
               <Test
                  Identifier = "ChainProgramUITests/testExample">
               </Test>
               <Test
                  Identifier = "ChainProgramUITests/testLogin">
               </Test>
               <Test
                  Identifier = "ChainProgramUITests/testPickerChainable">
               </Test>
               <Test
                  Identifier = "ChainProgramUITests/testPressHomeButton">
               </Test>
               <Test
                  Identifier = "ChainProgramUITests/testPressHomeButtonChainable">
               </Test>
               <Test
                  Identifier = "ChainProgramUITests/testScrollViewChainable">
               </Test>
               <Test
                  Identifier = "ChainProgramUITests/testSearchBarChainable">
               </Test>
               <Test
                  Identifier = "ChainProgramUITests/testSegmentedControlChainable">
               </Test>
               <Test
                  Identifier = "ChainProgramUITests/testSliderChainable">
               </Test>
               <Test
                  Identifier = "ChainProgramUITests/testSwitchChainable">
               </Test>
               <Test
                  Identifier = "ChainProgramUITests/testTabBarChainable">
               </Test>
               <Test
                  Identifier = "ChainProgramUITests/testTableViewChainable">
               </Test>
               <Test
                  Identifier = "ChainProgramUITests/testTap">
               </Test>
               <Test
                  Identifier = "ChainProgramUITests/testTapChainableOne">
               </Test>
               <Test
                  Identifier = "ChainProgramUITests/testTapChainableThree">
               </Test>
               <Test
                  Identifier = "ChainProgramUITests/testTapChainableTwo">
               </Test>
               <Test
                  Identifier = "ChainProgramUITests/testTextField">
               </Test>
            </SkippedTests>
         </TestableReference>
         <TestableReference
            skipped = "NO">
            <BuildableReference
               BuildableIdentifier = "primary"
               BlueprintIdentifier = "5A9F6EF621103E6700F40298"
               BuildableName = "ChainProgramUITestsSwift.xctest"
               BlueprintName = "ChainProgramUITestsSwift"
               ReferencedContainer = "container:ChainProgram.xcodeproj">
            </BuildableReference>
         </TestableReference>
      </Testables>
      <MacroExpansion>
         <BuildableReference
            BuildableIdentifier = "primary"
            BlueprintIdentifier = "5AD188C520E72C0400AD0B9C"
            BuildableName = "ChainProgram.app"
            BlueprintName = "ChainProgram"
            ReferencedContainer = "container:ChainProgram.xcodeproj">
         </BuildableReference>
      </MacroExpansion>
      <AdditionalOptions>
      </AdditionalOptions>
   </TestAction>
   <LaunchAction
      buildConfiguration = "Debug"
      selectedDebuggerIdentifier = "Xcode.DebuggerFoundation.Debugger.LLDB"
      selectedLauncherIdentifier = "Xcode.DebuggerFoundation.Launcher.LLDB"
      launchStyle = "0"
      useCustomWorkingDirectory = "NO"
      ignoresPersistentStateOnLaunch = "NO"
      debugDocumentVersioning = "YES"
      debugServiceExtension = "internal"
      allowLocationSimulation = "YES">
      <BuildableProductRunnable
         runnableDebuggingMode = "0">
         <BuildableReference
            BuildableIdentifier = "primary"
            BlueprintIdentifier = "5AD188C520E72C0400AD0B9C"
            BuildableName = "ChainProgram.app"
            BlueprintName = "ChainProgram"
            ReferencedContainer = "container:ChainProgram.xcodeproj">
         </BuildableReference>
      </BuildableProductRunnable>
      <AdditionalOptions>
      </AdditionalOptions>
   </LaunchAction>
   <ProfileAction
      buildConfiguration = "Release"
      shouldUseLaunchSchemeArgsEnv = "YES"
      savedToolIdentifier = ""
      useCustomWorkingDirectory = "NO"
      debugDocumentVersioning = "YES">
      <BuildableProductRunnable
         runnableDebuggingMode = "0">
         <BuildableReference
            BuildableIdentifier = "primary"
            BlueprintIdentifier = "5AD188C520E72C0400AD0B9C"
            BuildableName = "ChainProgram.app"
            BlueprintName = "ChainProgram"
            ReferencedContainer = "container:ChainProgram.xcodeproj">
         </BuildableReference>
      </BuildableProductRunnable>
   </ProfileAction>
   <AnalyzeAction
      buildConfiguration = "Debug">
   </AnalyzeAction>
   <ArchiveAction
      buildConfiguration = "Release"
      revealArchiveInOrganizer = "YES">
   </ArchiveAction>
</Scheme>
